
Microsoft Visual Studio Solution File, Format Version 12.00
# Visual Studio Version 17
VisualStudioVersion = 17.0.32126.317
MinimumVisualStudioVersion = 10.0.40219.1
Project("{FAE04EC0-301F-11D3-BF4B-00C04F79EFBC}") = "Ejercicio01_PAR_IMPAR", "Ejercicio01_PAR_IMPAR\Ejercicio01_PAR_IMPAR.csproj", "{6BD387D6-E30E-4DA4-9B14-05339304DE09}"
EndProject
Global
	GlobalSection(SolutionConfigurationPlatforms) = preSolution
		Debug|Any CPU = Debug|Any CPU
		Release|Any CPU = Release|Any CPU
	EndGlobalSection
	GlobalSection(ProjectConfigurationPlatforms) = postSolution
		{6BD387D6-E30E-4DA4-9B14-05339304DE09}.Debug|Any CPU.ActiveCfg = Debug|Any CPU
		{6BD387D6-E30E-4DA4-9B14-05339304DE09}.Debug|Any CPU.Build.0 = Debug|Any CPU
		{6BD387D6-E30E-4DA4-9B14-05339304DE09}.Release|Any CPU.ActiveCfg = Release|Any CPU
		{6BD387D6-E30E-4DA4-9B14-05339304DE09}.Release|Any CPU.Build.0 = Release|Any CPU
	EndGlobalSection
	GlobalSection(SolutionProperties) = preSolution
		HideSolutionNode = FALSE
	EndGlobalSection
	GlobalSection(ExtensibilityGlobals) = postSolution
		SolutionGuid = {B92EAF3C-EC79-4A9D-B987-77C9081A674B}
	EndGlobalSection
EndGlobal
